
Microsoft Visual Studio Solution File, Format Version 12.00
# Visual Studio Version 17
VisualStudioVersion = 17.11.35208.52
MinimumVisualStudioVersion = 10.0.40219.1
Project("{FAE04EC0-301F-11D3-BF4B-00C04F79EFBC}") = "Hesap Makinesi", "Hesap Makinesi\Hesap Makinesi.csproj", "{6AB72131-A332-42CB-AC58-CA26854F6765}"
EndProject
Global
	GlobalSection(SolutionConfigurationPlatforms) = preSolution
		Debug|Any CPU = Debug|Any CPU
		Release|Any CPU = Release|Any CPU
	EndGlobalSection
	GlobalSection(ProjectConfigurationPlatforms) = postSolution
		{6AB72131-A332-42CB-AC58-CA26854F6765}.Debug|Any CPU.ActiveCfg = Debug|Any CPU
		{6AB72131-A332-42CB-AC58-CA26854F6765}.Debug|Any CPU.Build.0 = Debug|Any CPU
		{6AB72131-A332-42CB-AC58-CA26854F6765}.Release|Any CPU.ActiveCfg = Release|Any CPU
		{6AB72131-A332-42CB-AC58-CA26854F6765}.Release|Any CPU.Build.0 = Release|Any CPU
	EndGlobalSection
	GlobalSection(SolutionProperties) = preSolution
		HideSolutionNode = FALSE
	EndGlobalSection
	GlobalSection(ExtensibilityGlobals) = postSolution
		SolutionGuid = {3CCDEC4B-2EEF-42BB-ABFC-A9E390A0FD23}
	EndGlobalSection
EndGlobal
